lockfileVersion: '9.0'

settings:
  autoInstallPeers: true
  excludeLinksFromLockfile: false

overrides:
  '@fastify/cookie': 11.0.2
  '@fastify/session': 11.1.0
  '@fastify/formbody': 8.0.2
  '@fastify/multipart': 9.0.3
  '@nestjs/common': 11.0.16
  esbuild: 0.25.0
  fastify: ^5.3.2
  tinymce: 7.2.0
  html-minifier: npm:html-minifier-terser@7.2.0

importers:

  .: {}
